
Microsoft Visual Studio Solution File, Format Version 12.00
# Visual Studio Version 16
VisualStudioVersion = 16.0.31005.135
MinimumVisualStudioVersion = 10.0.40219.1
Project("{9A19103F-16F7-4668-BE54-9A1E7A4F7556}") = "StudentWork", "StudentWork.csproj", "{B2EAF4EF-4BC3-4C13-B735-28D865268EF7}"
EndProject
Global
	GlobalSection(SolutionConfigurationPlatforms) = preSolution
		Debug|Any CPU = Debug|Any CPU
		Release|Any CPU = Release|Any CPU
	EndGlobalSection
	GlobalSection(ProjectConfigurationPlatforms) = postSolution
		{B2EAF4EF-4BC3-4C13-B735-28D865268EF7}.Debug|Any CPU.ActiveCfg = Debug|Any CPU
		{B2EAF4EF-4BC3-4C13-B735-28D865268EF7}.Debug|Any CPU.Build.0 = Debug|Any CPU
		{B2EAF4EF-4BC3-4C13-B735-28D865268EF7}.Release|Any CPU.ActiveCfg = Release|Any CPU
		{B2EAF4EF-4BC3-4C13-B735-28D865268EF7}.Release|Any CPU.Build.0 = Release|Any CPU
	EndGlobalSection
	GlobalSection(SolutionProperties) = preSolution
		HideSolutionNode = FALSE
	EndGlobalSection
	GlobalSection(ExtensibilityGlobals) = postSolution
		SolutionGuid = {C55C4D4B-8BCF-4998-84FD-14A3A000F8E2}
	EndGlobalSection
EndGlobal
